
Microsoft Visual Studio Solution File, Format Version 12.00
# Visual Studio Version 17
VisualStudioVersion = 17.8.34330.188
MinimumVisualStudioVersion = 10.0.40219.1
Project("{FAE04EC0-301F-11D3-BF4B-00C04F79EFBC}") = "DoAnWebBanGiay", "DoAnWebBanGiay\DoAnWebBanGiay.csproj", "{5407B148-6C18-4216-A5C9-7E892D6F1164}"
EndProject
Global
	GlobalSection(SolutionConfigurationPlatforms) = preSolution
		Debug|Any CPU = Debug|Any CPU
		Release|Any CPU = Release|Any CPU
	EndGlobalSection
	GlobalSection(ProjectConfigurationPlatforms) = postSolution
		{5407B148-6C18-4216-A5C9-7E892D6F1164}.Debug|Any CPU.ActiveCfg = Debug|Any CPU
		{5407B148-6C18-4216-A5C9-7E892D6F1164}.Debug|Any CPU.Build.0 = Debug|Any CPU
		{5407B148-6C18-4216-A5C9-7E892D6F1164}.Release|Any CPU.ActiveCfg = Release|Any CPU
		{5407B148-6C18-4216-A5C9-7E892D6F1164}.Release|Any CPU.Build.0 = Release|Any CPU
	EndGlobalSection
	GlobalSection(SolutionProperties) = preSolution
		HideSolutionNode = FALSE
	EndGlobalSection
	GlobalSection(ExtensibilityGlobals) = postSolution
		SolutionGuid = {1FEE5042-285C-41D0-9421-D3AC851AAF35}
	EndGlobalSection
EndGlobal
